
Microsoft Visual Studio Solution File, Format Version 12.00
# Visual Studio Version 17
VisualStudioVersion = 17.4.33213.308
MinimumVisualStudioVersion = 10.0.40219.1
Project("{FAE04EC0-301F-11D3-BF4B-00C04F79EFBC}") = "SignalRPractice", "SignalRPractice.csproj", "{DE5F8800-9084-4E0F-A385-074A44995B15}"
EndProject
Project("{FAE04EC0-301F-11D3-BF4B-00C04F79EFBC}") = "SignalRPracticeApi", "..\SignalRPracticeApi\SignalRPracticeApi.csproj", "{F19F0C4C-BCAA-4734-BE4B-048BD7AC96DD}"
EndProject
Global
	GlobalSection(SolutionConfigurationPlatforms) = preSolution
		Debug|Any CPU = Debug|Any CPU
		Release|Any CPU = Release|Any CPU
	EndGlobalSection
	GlobalSection(ProjectConfigurationPlatforms) = postSolution
		{DE5F8800-9084-4E0F-A385-074A44995B15}.Debug|Any CPU.ActiveCfg = Debug|Any CPU
		{DE5F8800-9084-4E0F-A385-074A44995B15}.Debug|Any CPU.Build.0 = Debug|Any CPU
		{DE5F8800-9084-4E0F-A385-074A44995B15}.Release|Any CPU.ActiveCfg = Release|Any CPU
		{DE5F8800-9084-4E0F-A385-074A44995B15}.Release|Any CPU.Build.0 = Release|Any CPU
		{F19F0C4C-BCAA-4734-BE4B-048BD7AC96DD}.Debug|Any CPU.ActiveCfg = Debug|Any CPU
		{F19F0C4C-BCAA-4734-BE4B-048BD7AC96DD}.Debug|Any CPU.Build.0 = Debug|Any CPU
		{F19F0C4C-BCAA-4734-BE4B-048BD7AC96DD}.Release|Any CPU.ActiveCfg = Release|Any CPU
		{F19F0C4C-BCAA-4734-BE4B-048BD7AC96DD}.Release|Any CPU.Build.0 = Release|Any CPU
	EndGlobalSection
	GlobalSection(SolutionProperties) = preSolution
		HideSolutionNode = FALSE
	EndGlobalSection
	GlobalSection(ExtensibilityGlobals) = postSolution
		SolutionGuid = {44098532-2213-4B79-B1F4-508D76B6E5DB}
	EndGlobalSection
EndGlobal
